
Microsoft Visual Studio Solution File, Format Version 12.00
# Visual Studio Version 16
VisualStudioVersion = 16.0.28803.202
MinimumVisualStudioVersion = 10.0.40219.1
Project("{9A19103F-16F7-4668-BE54-9A1E7A4F7556}") = "Log4NetExample", "src\Log4NetExample\Log4NetExample.csproj", "{6D44A176-66BF-4BD0-9F63-7A9E4CA7079C}"
EndProject
Project("{2150E333-8FDC-42A3-9474-1A3956D46DE8}") = "src", "src", "{4D13F90C-456F-4940-BEA0-557477EF21D0}"
EndProject
Project("{9A19103F-16F7-4668-BE54-9A1E7A4F7556}") = "QuartzExample", "src\QuartzExample\QuartzExample.csproj", "{C1D28CE0-6C80-4921-A9A6-56636249ED16}"
EndProject
Project("{2150E333-8FDC-42A3-9474-1A3956D46DE8}") = "SocketExample", "SocketExample", "{0F5C8EE6-FCE4-429F-B96C-71420A7638BC}"
EndProject
Project("{9A19103F-16F7-4668-BE54-9A1E7A4F7556}") = "TcpClientExample", "src\SocketExample\TcpClient\TcpClientExample.csproj", "{C46DEF3F-5A23-4E14-A103-A47908FD4244}"
EndProject
Project("{9A19103F-16F7-4668-BE54-9A1E7A4F7556}") = "SocketCommon", "src\SocketExample\SocketCommon\SocketCommon.csproj", "{E3162911-AA6D-49BE-BA59-D2718D57E266}"
EndProject
Project("{2150E333-8FDC-42A3-9474-1A3956D46DE8}") = "PluginExample", "PluginExample", "{8C898D48-4BB5-491A-9291-EE4B768CE04C}"
EndProject
Project("{9A19103F-16F7-4668-BE54-9A1E7A4F7556}") = "PluginHost", "src\PluginExapmle\PluginHost\PluginHost.csproj", "{4179842C-5313-421D-AE4A-4F0C25332503}"
EndProject
Project("{9A19103F-16F7-4668-BE54-9A1E7A4F7556}") = "PluginCommon", "src\PluginExapmle\PluginCommon\PluginCommon.csproj", "{0A0A6E13-165B-4338-94FC-272DF2706152}"
EndProject
Project("{9A19103F-16F7-4668-BE54-9A1E7A4F7556}") = "Plugins", "src\PluginExapmle\Plugins\Plugins.csproj", "{712A5A20-777D-442F-93EE-6054EB60D3C3}"
EndProject
Project("{2150E333-8FDC-42A3-9474-1A3956D46DE8}") = "GrpcExample", "GrpcExample", "{16AF1161-F5B1-4EDA-A364-CB4F1BBA4CBD}"
EndProject
Project("{9A19103F-16F7-4668-BE54-9A1E7A4F7556}") = "Server", "src\GrpcExample\Server\Server.csproj", "{4339BEA4-7EAC-450F-BDE5-E9CD6A68E4BB}"
EndProject
Project("{9A19103F-16F7-4668-BE54-9A1E7A4F7556}") = "Client", "src\GrpcExample\Client\Client.csproj", "{B177DD62-6C33-4C54-93D8-F2E1C259C954}"
EndProject
Project("{9A19103F-16F7-4668-BE54-9A1E7A4F7556}") = "PrintArguments", "src\PrintArguments\PrintArguments.csproj", "{DE8E8948-3A42-42F5-BA07-50AE52883AE0}"
EndProject
Project("{2150E333-8FDC-42A3-9474-1A3956D46DE8}") = "TaskExample", "TaskExample", "{E5C9AD46-6954-4820-B7C5-6465C4E7BAED}"
EndProject
Project("{9A19103F-16F7-4668-BE54-9A1E7A4F7556}") = "TaskExampleApp", "src\TaskExample\TaskExampleApp\TaskExampleApp.csproj", "{1E89289D-9E33-408B-98EC-FE42D1F75A43}"
EndProject
Project("{2150E333-8FDC-42A3-9474-1A3956D46DE8}") = "Ocelot", "Ocelot", "{C8C04328-2A64-42DF-B687-AEA5A0C87883}"
EndProject
Project("{FAE04EC0-301F-11D3-BF4B-00C04F79EFBC}") = "Portal", "src\Ocelot\Portal\Portal.csproj", "{CFFC33EE-06AB-4039-96C6-689D0698F88B}"
EndProject
Project("{FAE04EC0-301F-11D3-BF4B-00C04F79EFBC}") = "Service1", "src\Ocelot\Service1\Service1.csproj", "{F24CE4B0-9BDD-46F4-9AFB-F9FA97B3484C}"
EndProject
Global
	GlobalSection(SolutionConfigurationPlatforms) = preSolution
		Debug|Any CPU = Debug|Any CPU
		Release|Any CPU = Release|Any CPU
	EndGlobalSection
	GlobalSection(ProjectConfigurationPlatforms) = postSolution
		{6D44A176-66BF-4BD0-9F63-7A9E4CA7079C}.Debug|Any CPU.ActiveCfg = Debug|Any CPU
		{6D44A176-66BF-4BD0-9F63-7A9E4CA7079C}.Debug|Any CPU.Build.0 = Debug|Any CPU
		{6D44A176-66BF-4BD0-9F63-7A9E4CA7079C}.Release|Any CPU.ActiveCfg = Release|Any CPU
		{6D44A176-66BF-4BD0-9F63-7A9E4CA7079C}.Release|Any CPU.Build.0 = Release|Any CPU
		{C1D28CE0-6C80-4921-A9A6-56636249ED16}.Debug|Any CPU.ActiveCfg = Debug|Any CPU
		{C1D28CE0-6C80-4921-A9A6-56636249ED16}.Debug|Any CPU.Build.0 = Debug|Any CPU
		{C1D28CE0-6C80-4921-A9A6-56636249ED16}.Release|Any CPU.ActiveCfg = Release|Any CPU
		{C1D28CE0-6C80-4921-A9A6-56636249ED16}.Release|Any CPU.Build.0 = Release|Any CPU
		{C46DEF3F-5A23-4E14-A103-A47908FD4244}.Debug|Any CPU.ActiveCfg = Debug|Any CPU
		{C46DEF3F-5A23-4E14-A103-A47908FD4244}.Debug|Any CPU.Build.0 = Debug|Any CPU
		{C46DEF3F-5A23-4E14-A103-A47908FD4244}.Release|Any CPU.ActiveCfg = Release|Any CPU
		{C46DEF3F-5A23-4E14-A103-A47908FD4244}.Release|Any CPU.Build.0 = Release|Any CPU
		{E3162911-AA6D-49BE-BA59-D2718D57E266}.Debug|Any CPU.ActiveCfg = Debug|Any CPU
		{E3162911-AA6D-49BE-BA59-D2718D57E266}.Debug|Any CPU.Build.0 = Debug|Any CPU
		{E3162911-AA6D-49BE-BA59-D2718D57E266}.Release|Any CPU.ActiveCfg = Release|Any CPU
		{E3162911-AA6D-49BE-BA59-D2718D57E266}.Release|Any CPU.Build.0 = Release|Any CPU
		{4179842C-5313-421D-AE4A-4F0C25332503}.Debug|Any CPU.ActiveCfg = Debug|Any CPU
		{4179842C-5313-421D-AE4A-4F0C25332503}.Debug|Any CPU.Build.0 = Debug|Any CPU
		{4179842C-5313-421D-AE4A-4F0C25332503}.Release|Any CPU.ActiveCfg = Release|Any CPU
		{4179842C-5313-421D-AE4A-4F0C25332503}.Release|Any CPU.Build.0 = Release|Any CPU
		{0A0A6E13-165B-4338-94FC-272DF2706152}.Debug|Any CPU.ActiveCfg = Debug|Any CPU
		{0A0A6E13-165B-4338-94FC-272DF2706152}.Debug|Any CPU.Build.0 = Debug|Any CPU
		{0A0A6E13-165B-4338-94FC-272DF2706152}.Release|Any CPU.ActiveCfg = Release|Any CPU
		{0A0A6E13-165B-4338-94FC-272DF2706152}.Release|Any CPU.Build.0 = Release|Any CPU
		{712A5A20-777D-442F-93EE-6054EB60D3C3}.Debug|Any CPU.ActiveCfg = Debug|Any CPU
		{712A5A20-777D-442F-93EE-6054EB60D3C3}.Debug|Any CPU.Build.0 = Debug|Any CPU
		{712A5A20-777D-442F-93EE-6054EB60D3C3}.Release|Any CPU.ActiveCfg = Release|Any CPU
		{712A5A20-777D-442F-93EE-6054EB60D3C3}.Release|Any CPU.Build.0 = Release|Any CPU
		{4339BEA4-7EAC-450F-BDE5-E9CD6A68E4BB}.Debug|Any CPU.ActiveCfg = Debug|Any CPU
		{4339BEA4-7EAC-450F-BDE5-E9CD6A68E4BB}.Debug|Any CPU.Build.0 = Debug|Any CPU
		{4339BEA4-7EAC-450F-BDE5-E9CD6A68E4BB}.Release|Any CPU.ActiveCfg = Release|Any CPU
		{4339BEA4-7EAC-450F-BDE5-E9CD6A68E4BB}.Release|Any CPU.Build.0 = Release|Any CPU
		{B177DD62-6C33-4C54-93D8-F2E1C259C954}.Debug|Any CPU.ActiveCfg = Debug|Any CPU
		{B177DD62-6C33-4C54-93D8-F2E1C259C954}.Debug|Any CPU.Build.0 = Debug|Any CPU
		{B177DD62-6C33-4C54-93D8-F2E1C259C954}.Release|Any CPU.ActiveCfg = Release|Any CPU
		{B177DD62-6C33-4C54-93D8-F2E1C259C954}.Release|Any CPU.Build.0 = Release|Any CPU
		{DE8E8948-3A42-42F5-BA07-50AE52883AE0}.Debug|Any CPU.ActiveCfg = Debug|Any CPU
		{DE8E8948-3A42-42F5-BA07-50AE52883AE0}.Debug|Any CPU.Build.0 = Debug|Any CPU
		{DE8E8948-3A42-42F5-BA07-50AE52883AE0}.Release|Any CPU.ActiveCfg = Release|Any CPU
		{DE8E8948-3A42-42F5-BA07-50AE52883AE0}.Release|Any CPU.Build.0 = Release|Any CPU
		{1E89289D-9E33-408B-98EC-FE42D1F75A43}.Debug|Any CPU.ActiveCfg = Debug|Any CPU
		{1E89289D-9E33-408B-98EC-FE42D1F75A43}.Debug|Any CPU.Build.0 = Debug|Any CPU
		{1E89289D-9E33-408B-98EC-FE42D1F75A43}.Release|Any CPU.ActiveCfg = Release|Any CPU
		{1E89289D-9E33-408B-98EC-FE42D1F75A43}.Release|Any CPU.Build.0 = Release|Any CPU
		{CFFC33EE-06AB-4039-96C6-689D0698F88B}.Debug|Any CPU.ActiveCfg = Debug|Any CPU
		{CFFC33EE-06AB-4039-96C6-689D0698F88B}.Debug|Any CPU.Build.0 = Debug|Any CPU
		{CFFC33EE-06AB-4039-96C6-689D0698F88B}.Release|Any CPU.ActiveCfg = Release|Any CPU
		{CFFC33EE-06AB-4039-96C6-689D0698F88B}.Release|Any CPU.Build.0 = Release|Any CPU
		{F24CE4B0-9BDD-46F4-9AFB-F9FA97B3484C}.Debug|Any CPU.ActiveCfg = Debug|Any CPU
		{F24CE4B0-9BDD-46F4-9AFB-F9FA97B3484C}.Debug|Any CPU.Build.0 = Debug|Any CPU
		{F24CE4B0-9BDD-46F4-9AFB-F9FA97B3484C}.Release|Any CPU.ActiveCfg = Release|Any CPU
		{F24CE4B0-9BDD-46F4-9AFB-F9FA97B3484C}.Release|Any CPU.Build.0 = Release|Any CPU
	EndGlobalSection
	GlobalSection(SolutionProperties) = preSolution
		HideSolutionNode = FALSE
	EndGlobalSection
	GlobalSection(NestedProjects) = preSolution
		{6D44A176-66BF-4BD0-9F63-7A9E4CA7079C} = {4D13F90C-456F-4940-BEA0-557477EF21D0}
		{C1D28CE0-6C80-4921-A9A6-56636249ED16} = {4D13F90C-456F-4940-BEA0-557477EF21D0}
		{0F5C8EE6-FCE4-429F-B96C-71420A7638BC} = {4D13F90C-456F-4940-BEA0-557477EF21D0}
		{C46DEF3F-5A23-4E14-A103-A47908FD4244} = {0F5C8EE6-FCE4-429F-B96C-71420A7638BC}
		{E3162911-AA6D-49BE-BA59-D2718D57E266} = {0F5C8EE6-FCE4-429F-B96C-71420A7638BC}
		{8C898D48-4BB5-491A-9291-EE4B768CE04C} = {4D13F90C-456F-4940-BEA0-557477EF21D0}
		{4179842C-5313-421D-AE4A-4F0C25332503} = {8C898D48-4BB5-491A-9291-EE4B768CE04C}
		{0A0A6E13-165B-4338-94FC-272DF2706152} = {8C898D48-4BB5-491A-9291-EE4B768CE04C}
		{712A5A20-777D-442F-93EE-6054EB60D3C3} = {8C898D48-4BB5-491A-9291-EE4B768CE04C}
		{16AF1161-F5B1-4EDA-A364-CB4F1BBA4CBD} = {4D13F90C-456F-4940-BEA0-557477EF21D0}
		{4339BEA4-7EAC-450F-BDE5-E9CD6A68E4BB} = {16AF1161-F5B1-4EDA-A364-CB4F1BBA4CBD}
		{B177DD62-6C33-4C54-93D8-F2E1C259C954} = {16AF1161-F5B1-4EDA-A364-CB4F1BBA4CBD}
		{DE8E8948-3A42-42F5-BA07-50AE52883AE0} = {4D13F90C-456F-4940-BEA0-557477EF21D0}
		{E5C9AD46-6954-4820-B7C5-6465C4E7BAED} = {4D13F90C-456F-4940-BEA0-557477EF21D0}
		{1E89289D-9E33-408B-98EC-FE42D1F75A43} = {E5C9AD46-6954-4820-B7C5-6465C4E7BAED}
		{C8C04328-2A64-42DF-B687-AEA5A0C87883} = {4D13F90C-456F-4940-BEA0-557477EF21D0}
		{CFFC33EE-06AB-4039-96C6-689D0698F88B} = {C8C04328-2A64-42DF-B687-AEA5A0C87883}
		{F24CE4B0-9BDD-46F4-9AFB-F9FA97B3484C} = {C8C04328-2A64-42DF-B687-AEA5A0C87883}
	EndGlobalSection
	GlobalSection(ExtensibilityGlobals) = postSolution
		SolutionGuid = {F9AC7709-06F5-41A8-83B1-03AA58D1F2C3}
	EndGlobalSection
EndGlobal
