
Microsoft Visual Studio Solution File, Format Version 12.00
# Visual Studio Version 17
VisualStudioVersion = 17.5.33530.505
MinimumVisualStudioVersion = 10.0.40219.1
Project("{9A19103F-16F7-4668-BE54-9A1E7A4F7556}") = "akkademy-db", "akkademy-db\akkademy-db.csproj", "{D66F7377-D57D-4F66-98F9-F8748B473034}"
EndProject
Project("{9A19103F-16F7-4668-BE54-9A1E7A4F7556}") = "AkkademydbClient", "AkkademydbClient\AkkademydbClient.csproj", "{DB90D759-9FBB-4BFB-BCE0-26E9CF7A5C4A}"
EndProject
Project("{9A19103F-16F7-4668-BE54-9A1E7A4F7556}") = "AkkademydbServer", "AkkademydbServer\AkkademydbServer.csproj", "{FB1544A2-8060-4C91-A8A4-CA563AC0A684}"
EndProject
Global
	GlobalSection(SolutionConfigurationPlatforms) = preSolution
		Debug|Any CPU = Debug|Any CPU
		Release|Any CPU = Release|Any CPU
	EndGlobalSection
	GlobalSection(ProjectConfigurationPlatforms) = postSolution
		{D66F7377-D57D-4F66-98F9-F8748B473034}.Debug|Any CPU.ActiveCfg = Debug|Any CPU
		{D66F7377-D57D-4F66-98F9-F8748B473034}.Debug|Any CPU.Build.0 = Debug|Any CPU
		{D66F7377-D57D-4F66-98F9-F8748B473034}.Release|Any CPU.ActiveCfg = Release|Any CPU
		{D66F7377-D57D-4F66-98F9-F8748B473034}.Release|Any CPU.Build.0 = Release|Any CPU
		{DB90D759-9FBB-4BFB-BCE0-26E9CF7A5C4A}.Debug|Any CPU.ActiveCfg = Debug|Any CPU
		{DB90D759-9FBB-4BFB-BCE0-26E9CF7A5C4A}.Debug|Any CPU.Build.0 = Debug|Any CPU
		{DB90D759-9FBB-4BFB-BCE0-26E9CF7A5C4A}.Release|Any CPU.ActiveCfg = Release|Any CPU
		{DB90D759-9FBB-4BFB-BCE0-26E9CF7A5C4A}.Release|Any CPU.Build.0 = Release|Any CPU
		{FB1544A2-8060-4C91-A8A4-CA563AC0A684}.Debug|Any CPU.ActiveCfg = Debug|Any CPU
		{FB1544A2-8060-4C91-A8A4-CA563AC0A684}.Debug|Any CPU.Build.0 = Debug|Any CPU
		{FB1544A2-8060-4C91-A8A4-CA563AC0A684}.Release|Any CPU.ActiveCfg = Release|Any CPU
		{FB1544A2-8060-4C91-A8A4-CA563AC0A684}.Release|Any CPU.Build.0 = Release|Any CPU
	EndGlobalSection
	GlobalSection(SolutionProperties) = preSolution
		HideSolutionNode = FALSE
	EndGlobalSection
	GlobalSection(ExtensibilityGlobals) = postSolution
		SolutionGuid = {CB1A6EBA-A95F-42A5-831A-C1BD37878A18}
	EndGlobalSection
EndGlobal
