
Microsoft Visual Studio Solution File, Format Version 12.00
# Visual Studio Version 17
VisualStudioVersion = 17.1.32328.378
MinimumVisualStudioVersion = 10.0.40219.1
Project("{9A19103F-16F7-4668-BE54-9A1E7A4F7556}") = "Case1", "Case1\Case1.csproj", "{2563283F-67AE-4173-A425-18248B803CAC}"
EndProject
Project("{9A19103F-16F7-4668-BE54-9A1E7A4F7556}") = "Case2", "Case2\Case2.csproj", "{92DE6B58-D08F-4CB4-8589-AC0DD53C86B3}"
EndProject
Global
	GlobalSection(SolutionConfigurationPlatforms) = preSolution
		Debug|Any CPU = Debug|Any CPU
		Release|Any CPU = Release|Any CPU
	EndGlobalSection
	GlobalSection(ProjectConfigurationPlatforms) = postSolution
		{2563283F-67AE-4173-A425-18248B803CAC}.Debug|Any CPU.ActiveCfg = Debug|Any CPU
		{2563283F-67AE-4173-A425-18248B803CAC}.Debug|Any CPU.Build.0 = Debug|Any CPU
		{2563283F-67AE-4173-A425-18248B803CAC}.Release|Any CPU.ActiveCfg = Release|Any CPU
		{2563283F-67AE-4173-A425-18248B803CAC}.Release|Any CPU.Build.0 = Release|Any CPU
		{92DE6B58-D08F-4CB4-8589-AC0DD53C86B3}.Debug|Any CPU.ActiveCfg = Debug|Any CPU
		{92DE6B58-D08F-4CB4-8589-AC0DD53C86B3}.Debug|Any CPU.Build.0 = Debug|Any CPU
		{92DE6B58-D08F-4CB4-8589-AC0DD53C86B3}.Release|Any CPU.ActiveCfg = Release|Any CPU
		{92DE6B58-D08F-4CB4-8589-AC0DD53C86B3}.Release|Any CPU.Build.0 = Release|Any CPU
	EndGlobalSection
	GlobalSection(SolutionProperties) = preSolution
		HideSolutionNode = FALSE
	EndGlobalSection
	GlobalSection(ExtensibilityGlobals) = postSolution
		SolutionGuid = {689B74DC-5DD7-4255-9970-3098351752B4}
	EndGlobalSection
EndGlobal
