
Microsoft Visual Studio Solution File, Format Version 12.00
# Visual Studio Version 17
VisualStudioVersion = 17.4.33205.214
MinimumVisualStudioVersion = 10.0.40219.1
Project("{9A19103F-16F7-4668-BE54-9A1E7A4F7556}") = "WebMvc", "WebMvc\WebMvc.csproj", "{9429B15F-7D4B-4EED-853C-064B2AAA4A74}"
EndProject
Project("{9A19103F-16F7-4668-BE54-9A1E7A4F7556}") = "MauiApp1", "MauiApp1\MauiApp1.csproj", "{52E31DC7-F98A-4743-A5A5-641CEE65218F}"
EndProject
Project("{9A19103F-16F7-4668-BE54-9A1E7A4F7556}") = "ConsoleApp1", "ConsoleApp1\ConsoleApp1.csproj", "{B60AD736-3F7B-4FFE-A61E-6F8A817A5457}"
EndProject
Project("{9A19103F-16F7-4668-BE54-9A1E7A4F7556}") = "LiteDBCase", "LiteDBCase\LiteDBCase.csproj", "{72161B7D-3DB9-4152-AB22-5A466C4E82A0}"
EndProject
Global
	GlobalSection(SolutionConfigurationPlatforms) = preSolution
		Debug|Any CPU = Debug|Any CPU
		Release|Any CPU = Release|Any CPU
	EndGlobalSection
	GlobalSection(ProjectConfigurationPlatforms) = postSolution
		{9429B15F-7D4B-4EED-853C-064B2AAA4A74}.Debug|Any CPU.ActiveCfg = Debug|Any CPU
		{9429B15F-7D4B-4EED-853C-064B2AAA4A74}.Debug|Any CPU.Build.0 = Debug|Any CPU
		{9429B15F-7D4B-4EED-853C-064B2AAA4A74}.Release|Any CPU.ActiveCfg = Release|Any CPU
		{9429B15F-7D4B-4EED-853C-064B2AAA4A74}.Release|Any CPU.Build.0 = Release|Any CPU
		{52E31DC7-F98A-4743-A5A5-641CEE65218F}.Debug|Any CPU.ActiveCfg = Debug|Any CPU
		{52E31DC7-F98A-4743-A5A5-641CEE65218F}.Debug|Any CPU.Build.0 = Debug|Any CPU
		{52E31DC7-F98A-4743-A5A5-641CEE65218F}.Debug|Any CPU.Deploy.0 = Debug|Any CPU
		{52E31DC7-F98A-4743-A5A5-641CEE65218F}.Release|Any CPU.ActiveCfg = Release|Any CPU
		{52E31DC7-F98A-4743-A5A5-641CEE65218F}.Release|Any CPU.Build.0 = Release|Any CPU
		{52E31DC7-F98A-4743-A5A5-641CEE65218F}.Release|Any CPU.Deploy.0 = Release|Any CPU
		{B60AD736-3F7B-4FFE-A61E-6F8A817A5457}.Debug|Any CPU.ActiveCfg = Debug|Any CPU
		{B60AD736-3F7B-4FFE-A61E-6F8A817A5457}.Debug|Any CPU.Build.0 = Debug|Any CPU
		{B60AD736-3F7B-4FFE-A61E-6F8A817A5457}.Release|Any CPU.ActiveCfg = Release|Any CPU
		{B60AD736-3F7B-4FFE-A61E-6F8A817A5457}.Release|Any CPU.Build.0 = Release|Any CPU
		{72161B7D-3DB9-4152-AB22-5A466C4E82A0}.Debug|Any CPU.ActiveCfg = Debug|Any CPU
		{72161B7D-3DB9-4152-AB22-5A466C4E82A0}.Debug|Any CPU.Build.0 = Debug|Any CPU
		{72161B7D-3DB9-4152-AB22-5A466C4E82A0}.Release|Any CPU.ActiveCfg = Release|Any CPU
		{72161B7D-3DB9-4152-AB22-5A466C4E82A0}.Release|Any CPU.Build.0 = Release|Any CPU
	EndGlobalSection
	GlobalSection(SolutionProperties) = preSolution
		HideSolutionNode = FALSE
	EndGlobalSection
	GlobalSection(ExtensibilityGlobals) = postSolution
		SolutionGuid = {546DE763-21D4-477A-936D-93A9493786E4}
	EndGlobalSection
EndGlobal
